
Microsoft Visual Studio Solution File, Format Version 12.00
# Visual Studio 15
VisualStudioVersion = 15.0.26124.0
MinimumVisualStudioVersion = 15.0.26124.0
Project("{FAE04EC0-301F-11D3-BF4B-00C04F79EFBC}") = "Domain", "Domain\Domain.csproj", "{6A5B7273-0C7B-4CA1-B6CD-5A0475F8FF47}"
EndProject
Project("{FAE04EC0-301F-11D3-BF4B-00C04F79EFBC}") = "Application", "Application\Application.csproj", "{3134E203-AB83-4972-B9B5-7E51B5F2E737}"
EndProject
Project("{FAE04EC0-301F-11D3-BF4B-00C04F79EFBC}") = "Persistence", "Persistence\Persistence.csproj", "{31978667-1975-4424-9BB4-1594A416D3B9}"
EndProject
Project("{FAE04EC0-301F-11D3-BF4B-00C04F79EFBC}") = "API", "API\API.csproj", "{D5DCE243-BFB6-4CEF-9D2C-2181807BEDDA}"
EndProject
Project("{FAE04EC0-301F-11D3-BF4B-00C04F79EFBC}") = "Infrastructure", "Infrastructure\Infrastructure.csproj", "{04CD5973-C5D7-44CA-B192-0EEFD375529F}"
EndProject
Global
	GlobalSection(SolutionConfigurationPlatforms) = preSolution
		Debug|Any CPU = Debug|Any CPU
		Debug|x64 = Debug|x64
		Debug|x86 = Debug|x86
		Release|Any CPU = Release|Any CPU
		Release|x64 = Release|x64
		Release|x86 = Release|x86
	EndGlobalSection
	GlobalSection(SolutionProperties) = preSolution
		HideSolutionNode = FALSE
	EndGlobalSection
	GlobalSection(ProjectConfigurationPlatforms) = postSolution
		{6A5B7273-0C7B-4CA1-B6CD-5A0475F8FF47}.Debug|Any CPU.ActiveCfg = Debug|Any CPU
		{6A5B7273-0C7B-4CA1-B6CD-5A0475F8FF47}.Debug|Any CPU.Build.0 = Debug|Any CPU
		{6A5B7273-0C7B-4CA1-B6CD-5A0475F8FF47}.Debug|x64.ActiveCfg = Debug|Any CPU
		{6A5B7273-0C7B-4CA1-B6CD-5A0475F8FF47}.Debug|x64.Build.0 = Debug|Any CPU
		{6A5B7273-0C7B-4CA1-B6CD-5A0475F8FF47}.Debug|x86.ActiveCfg = Debug|Any CPU
		{6A5B7273-0C7B-4CA1-B6CD-5A0475F8FF47}.Debug|x86.Build.0 = Debug|Any CPU
		{6A5B7273-0C7B-4CA1-B6CD-5A0475F8FF47}.Release|Any CPU.ActiveCfg = Release|Any CPU
		{6A5B7273-0C7B-4CA1-B6CD-5A0475F8FF47}.Release|Any CPU.Build.0 = Release|Any CPU
		{6A5B7273-0C7B-4CA1-B6CD-5A0475F8FF47}.Release|x64.ActiveCfg = Release|Any CPU
		{6A5B7273-0C7B-4CA1-B6CD-5A0475F8FF47}.Release|x64.Build.0 = Release|Any CPU
		{6A5B7273-0C7B-4CA1-B6CD-5A0475F8FF47}.Release|x86.ActiveCfg = Release|Any CPU
		{6A5B7273-0C7B-4CA1-B6CD-5A0475F8FF47}.Release|x86.Build.0 = Release|Any CPU
		{3134E203-AB83-4972-B9B5-7E51B5F2E737}.Debug|Any CPU.ActiveCfg = Debug|Any CPU
		{3134E203-AB83-4972-B9B5-7E51B5F2E737}.Debug|Any CPU.Build.0 = Debug|Any CPU
		{3134E203-AB83-4972-B9B5-7E51B5F2E737}.Debug|x64.ActiveCfg = Debug|Any CPU
		{3134E203-AB83-4972-B9B5-7E51B5F2E737}.Debug|x64.Build.0 = Debug|Any CPU
		{3134E203-AB83-4972-B9B5-7E51B5F2E737}.Debug|x86.ActiveCfg = Debug|Any CPU
		{3134E203-AB83-4972-B9B5-7E51B5F2E737}.Debug|x86.Build.0 = Debug|Any CPU
		{3134E203-AB83-4972-B9B5-7E51B5F2E737}.Release|Any CPU.ActiveCfg = Release|Any CPU
		{3134E203-AB83-4972-B9B5-7E51B5F2E737}.Release|Any CPU.Build.0 = Release|Any CPU
		{3134E203-AB83-4972-B9B5-7E51B5F2E737}.Release|x64.ActiveCfg = Release|Any CPU
		{3134E203-AB83-4972-B9B5-7E51B5F2E737}.Release|x64.Build.0 = Release|Any CPU
		{3134E203-AB83-4972-B9B5-7E51B5F2E737}.Release|x86.ActiveCfg = Release|Any CPU
		{3134E203-AB83-4972-B9B5-7E51B5F2E737}.Release|x86.Build.0 = Release|Any CPU
		{31978667-1975-4424-9BB4-1594A416D3B9}.Debug|Any CPU.ActiveCfg = Debug|Any CPU
		{31978667-1975-4424-9BB4-1594A416D3B9}.Debug|Any CPU.Build.0 = Debug|Any CPU
		{31978667-1975-4424-9BB4-1594A416D3B9}.Debug|x64.ActiveCfg = Debug|Any CPU
		{31978667-1975-4424-9BB4-1594A416D3B9}.Debug|x64.Build.0 = Debug|Any CPU
		{31978667-1975-4424-9BB4-1594A416D3B9}.Debug|x86.ActiveCfg = Debug|Any CPU
		{31978667-1975-4424-9BB4-1594A416D3B9}.Debug|x86.Build.0 = Debug|Any CPU
		{31978667-1975-4424-9BB4-1594A416D3B9}.Release|Any CPU.ActiveCfg = Release|Any CPU
		{31978667-1975-4424-9BB4-1594A416D3B9}.Release|Any CPU.Build.0 = Release|Any CPU
		{31978667-1975-4424-9BB4-1594A416D3B9}.Release|x64.ActiveCfg = Release|Any CPU
		{31978667-1975-4424-9BB4-1594A416D3B9}.Release|x64.Build.0 = Release|Any CPU
		{31978667-1975-4424-9BB4-1594A416D3B9}.Release|x86.ActiveCfg = Release|Any CPU
		{31978667-1975-4424-9BB4-1594A416D3B9}.Release|x86.Build.0 = Release|Any CPU
		{D5DCE243-BFB6-4CEF-9D2C-2181807BEDDA}.Debug|Any CPU.ActiveCfg = Debug|Any CPU
		{D5DCE243-BFB6-4CEF-9D2C-2181807BEDDA}.Debug|Any CPU.Build.0 = Debug|Any CPU
		{D5DCE243-BFB6-4CEF-9D2C-2181807BEDDA}.Debug|x64.ActiveCfg = Debug|Any CPU
		{D5DCE243-BFB6-4CEF-9D2C-2181807BEDDA}.Debug|x64.Build.0 = Debug|Any CPU
		{D5DCE243-BFB6-4CEF-9D2C-2181807BEDDA}.Debug|x86.ActiveCfg = Debug|Any CPU
		{D5DCE243-BFB6-4CEF-9D2C-2181807BEDDA}.Debug|x86.Build.0 = Debug|Any CPU
		{D5DCE243-BFB6-4CEF-9D2C-2181807BEDDA}.Release|Any CPU.ActiveCfg = Release|Any CPU
		{D5DCE243-BFB6-4CEF-9D2C-2181807BEDDA}.Release|Any CPU.Build.0 = Release|Any CPU
		{D5DCE243-BFB6-4CEF-9D2C-2181807BEDDA}.Release|x64.ActiveCfg = Release|Any CPU
		{D5DCE243-BFB6-4CEF-9D2C-2181807BEDDA}.Release|x64.Build.0 = Release|Any CPU
		{D5DCE243-BFB6-4CEF-9D2C-2181807BEDDA}.Release|x86.ActiveCfg = Release|Any CPU
		{D5DCE243-BFB6-4CEF-9D2C-2181807BEDDA}.Release|x86.Build.0 = Release|Any CPU
		{04CD5973-C5D7-44CA-B192-0EEFD375529F}.Debug|Any CPU.ActiveCfg = Debug|Any CPU
		{04CD5973-C5D7-44CA-B192-0EEFD375529F}.Debug|Any CPU.Build.0 = Debug|Any CPU
		{04CD5973-C5D7-44CA-B192-0EEFD375529F}.Debug|x64.ActiveCfg = Debug|Any CPU
		{04CD5973-C5D7-44CA-B192-0EEFD375529F}.Debug|x64.Build.0 = Debug|Any CPU
		{04CD5973-C5D7-44CA-B192-0EEFD375529F}.Debug|x86.ActiveCfg = Debug|Any CPU
		{04CD5973-C5D7-44CA-B192-0EEFD375529F}.Debug|x86.Build.0 = Debug|Any CPU
		{04CD5973-C5D7-44CA-B192-0EEFD375529F}.Release|Any CPU.ActiveCfg = Release|Any CPU
		{04CD5973-C5D7-44CA-B192-0EEFD375529F}.Release|Any CPU.Build.0 = Release|Any CPU
		{04CD5973-C5D7-44CA-B192-0EEFD375529F}.Release|x64.ActiveCfg = Release|Any CPU
		{04CD5973-C5D7-44CA-B192-0EEFD375529F}.Release|x64.Build.0 = Release|Any CPU
		{04CD5973-C5D7-44CA-B192-0EEFD375529F}.Release|x86.ActiveCfg = Release|Any CPU
		{04CD5973-C5D7-44CA-B192-0EEFD375529F}.Release|x86.Build.0 = Release|Any CPU
	EndGlobalSection
EndGlobal
